// !$*UTF8*$!
{
	archiveVersion = 1;
	classes = {
	};
	objectVersion = 55;
	objects = {

/* Begin PBXBuildFile section */
		456ABAF227A64BA500E66F8D /* SpendingType.swift in Sources */ = {isa = PBXBuildFile; fileRef = 456ABAF127A64BA500E66F8D /* SpendingType.swift */; };
		456ABAF427A651C200E66F8D /* ViewExtension.swift in Sources */ = {isa = PBXBuildFile; fileRef = 456ABAF327A651C200E66F8D /* ViewExtension.swift */; };
		456ABAF627A65C3E00E66F8D /* AppRoundedImageView.swift in Sources */ = {isa = PBXBuildFile; fileRef = 456ABAF527A65C3E00E66F8D /* AppRoundedImageView.swift */; };
		456ABAF827A65FE300E66F8D /* AppWishItemCard.swift in Sources */ = {isa = PBXBuildFile; fileRef = 456ABAF727A65FE300E66F8D /* AppWishItemCard.swift */; };
		456ABAFA27A6631F00E66F8D /* AppMoneyAmountView.swift in Sources */ = {isa = PBXBuildFile; fileRef = 456ABAF927A6631F00E66F8D /* AppMoneyAmountView.swift */; };
		456B7AD027A4D2B20048E05F /* AppSecureTextField.swift in Sources */ = {isa = PBXBuildFile; fileRef = 456B7ACF27A4D2B20048E05F /* AppSecureTextField.swift */; };
		456B7AD227A4D7790048E05F /* AppCapsuleButton.swift in Sources */ = {isa = PBXBuildFile; fileRef = 456B7AD127A4D7790048E05F /* AppCapsuleButton.swift */; };
		456B7AD427A4EA5D0048E05F /* AppHyperLink.swift in Sources */ = {isa = PBXBuildFile; fileRef = 456B7AD327A4EA5D0048E05F /* AppHyperLink.swift */; };
		456B7AD627A50CD40048E05F /* HomeScreen.swift in Sources */ = {isa = PBXBuildFile; fileRef = 456B7AD527A50CD40048E05F /* HomeScreen.swift */; };
		456B7AD827A51BA50048E05F /* AppRoundedCornerButton.swift in Sources */ = {isa = PBXBuildFile; fileRef = 456B7AD727A51BA50048E05F /* AppRoundedCornerButton.swift */; };
		456B7ADA27A520AD0048E05F /* EditProfileScreen.swift in Sources */ = {isa = PBXBuildFile; fileRef = 456B7AD927A520AD0048E05F /* EditProfileScreen.swift */; };
		456B7ADC27A520EF0048E05F /* TopBar.swift in Sources */ = {isa = PBXBuildFile; fileRef = 456B7ADB27A520EF0048E05F /* TopBar.swift */; };
		456B7ADE27A5341E0048E05F /* EarningScreen.swift in Sources */ = {isa = PBXBuildFile; fileRef = 456B7ADD27A5341E0048E05F /* EarningScreen.swift */; };
		456B7AE027A534800048E05F /* SpendingScreen.swift in Sources */ = {isa = PBXBuildFile; fileRef = 456B7ADF27A534800048E05F /* SpendingScreen.swift */; };
		456B7AE227A534A30048E05F /* WishListScreen.swift in Sources */ = {isa = PBXBuildFile; fileRef = 456B7AE127A534A30048E05F /* WishListScreen.swift */; };
		456B7AE427A537A40048E05F /* DropdownSelector.swift in Sources */ = {isa = PBXBuildFile; fileRef = 456B7AE327A537A40048E05F /* DropdownSelector.swift */; };
		45737AA927A8952F00AE9A87 /* GoogleService-Info.plist in Resources */ = {isa = PBXBuildFile; fileRef = 45737AA827A8952F00AE9A87 /* GoogleService-Info.plist */; };
		45737AAE27A8970800AE9A87 /* AuthService.swift in Sources */ = {isa = PBXBuildFile; fileRef = 45737AAD27A8970800AE9A87 /* AuthService.swift */; };
		45737AB027A897BB00AE9A87 /* ResolverExtension.swift in Sources */ = {isa = PBXBuildFile; fileRef = 45737AAF27A897BB00AE9A87 /* ResolverExtension.swift */; };
		45737AB227A89F8700AE9A87 /* AppSignInAndSignUpTopBanner.swift in Sources */ = {isa = PBXBuildFile; fileRef = 45737AB127A89F8700AE9A87 /* AppSignInAndSignUpTopBanner.swift */; };
		45737AB427A8A36A00AE9A87 /* ImageStorageService.swift in Sources */ = {isa = PBXBuildFile; fileRef = 45737AB327A8A36A00AE9A87 /* ImageStorageService.swift */; };
		45737AB627A8A45F00AE9A87 /* FirestoreRepository.swift in Sources */ = {isa = PBXBuildFile; fileRef = 45737AB527A8A45E00AE9A87 /* FirestoreRepository.swift */; };
		45737AB827A8A4A500AE9A87 /* RepositoryProtocol.swift in Sources */ = {isa = PBXBuildFile; fileRef = 45737AB727A8A4A500AE9A87 /* RepositoryProtocol.swift */; };
		45737ABA27A8A57D00AE9A87 /* Earning.swift in Sources */ = {isa = PBXBuildFile; fileRef = 45737AB927A8A57D00AE9A87 /* Earning.swift */; };
		457CD9AE27A5BC65007A9EF0 /* AppEarningsOrSpendingCard.swift in Sources */ = {isa = PBXBuildFile; fileRef = 457CD9AD27A5BC65007A9EF0 /* AppEarningsOrSpendingCard.swift */; };
		457CD9B027A5C071007A9EF0 /* AppFloatingButton.swift in Sources */ = {isa = PBXBuildFile; fileRef = 457CD9AF27A5C071007A9EF0 /* AppFloatingButton.swift */; };
		457CD9B227A5CAF9007A9EF0 /* AppPopupView.swift in Sources */ = {isa = PBXBuildFile; fileRef = 457CD9B127A5CAF9007A9EF0 /* AppPopupView.swift */; };
		457CD9B527A5E717007A9EF0 /* AppDatePicker.swift in Sources */ = {isa = PBXBuildFile; fileRef = 457CD9B427A5E717007A9EF0 /* AppDatePicker.swift */; };
		457CD9B727A5EA91007A9EF0 /* Date.swift in Sources */ = {isa = PBXBuildFile; fileRef = 457CD9B627A5EA91007A9EF0 /* Date.swift */; };
		457CD9B927A60F84007A9EF0 /* AppSideMenu.swift in Sources */ = {isa = PBXBuildFile; fileRef = 457CD9B827A60F84007A9EF0 /* AppSideMenu.swift */; };
		457CD9BB27A6168F007A9EF0 /* AppCircularProfileImage.swift in Sources */ = {isa = PBXBuildFile; fileRef = 457CD9BA27A6168F007A9EF0 /* AppCircularProfileImage.swift */; };
		457CD9BD27A6387F007A9EF0 /* PieChartView.swift in Sources */ = {isa = PBXBuildFile; fileRef = 457CD9BC27A6387F007A9EF0 /* PieChartView.swift */; };
		45EA7F3F27A45D3E009C0F58 /* MoneyBeeApp.swift in Sources */ = {isa = PBXBuildFile; fileRef = 45EA7F3E27A45D3E009C0F58 /* MoneyBeeApp.swift */; };
		45EA7F4127A45D3E009C0F58 /* SplashScreen.swift in Sources */ = {isa = PBXBuildFile; fileRef = 45EA7F4027A45D3E009C0F58 /* SplashScreen.swift */; };
		45EA7F4327A45D40009C0F58 /* Assets.xcassets in Resources */ = {isa = PBXBuildFile; fileRef = 45EA7F4227A45D40009C0F58 /* Assets.xcassets */; };
		45EA7F4627A45D40009C0F58 /* Preview Assets.xcassets in Resources */ = {isa = PBXBuildFile; fileRef = 45EA7F4527A45D40009C0F58 /* Preview Assets.xcassets */; };
		45EA7F7B27A49112009C0F58 /* BubblegumSans-Regular.ttf in Resources */ = {isa = PBXBuildFile; fileRef = 45EA7F7A27A49112009C0F58 /* BubblegumSans-Regular.ttf */; };
		45EA7F7E27A49396009C0F58 /* Constants.swift in Sources */ = {isa = PBXBuildFile; fileRef = 45EA7F7D27A49396009C0F58 /* Constants.swift */; };
		45EA7F8027A49BE3009C0F58 /* AppText.swift in Sources */ = {isa = PBXBuildFile; fileRef = 45EA7F7F27A49BE3009C0F58 /* AppText.swift */; };
		45EA7F8227A4A399009C0F58 /* StrokeText.swift in Sources */ = {isa = PBXBuildFile; fileRef = 45EA7F8127A4A399009C0F58 /* StrokeText.swift */; };
		45EA7F8527A4A81B009C0F58 /* RootScreen.swift in Sources */ = {isa = PBXBuildFile; fileRef = 45EA7F8427A4A81B009C0F58 /* RootScreen.swift */; };
		45EA7F8727A4AD50009C0F58 /* SignInScreen.swift in Sources */ = {isa = PBXBuildFile; fileRef = 45EA7F8627A4AD50009C0F58 /* SignInScreen.swift */; };
		45EA7F8927A4AD63009C0F58 /* SignUpScreen.swift in Sources */ = {isa = PBXBuildFile; fileRef = 45EA7F8827A4AD63009C0F58 /* SignUpScreen.swift */; };
		45EA7F8B27A4B982009C0F58 /* AppTextField.swift in Sources */ = {isa = PBXBuildFile; fileRef = 45EA7F8A27A4B982009C0F58 /* AppTextField.swift */; };
		9810CA0217149520F0EA87BF /* Pods_MoneyBee.framework in Frameworks */ = {isa = PBXBuildFile; fileRef = D13D132A57DD3E95E99A9DB7 /* Pods_MoneyBee.framework */; };
/* End PBXBuildFile section */

/* Begin PBXFileReference section */
		456ABAF127A64BA500E66F8D /* SpendingType.swift */ = {isa = PBXFileReference; lastKnownFileType = sourcecode.swift; path = SpendingType.swift; sourceTree = "<group>"; };
		456ABAF327A651C200E66F8D /* ViewExtension.swift */ = {isa = PBXFileReference; lastKnownFileType = sourcecode.swift; path = ViewExtension.swift; sourceTree = "<group>"; };
		456ABAF527A65C3E00E66F8D /* AppRoundedImageView.swift */ = {isa = PBXFileReference; lastKnownFileType = sourcecode.swift; path = AppRoundedImageView.swift; sourceTree = "<group>"; };
		456ABAF727A65FE300E66F8D /* AppWishItemCard.swift */ = {isa = PBXFileReference; lastKnownFileType = sourcecode.swift; path = AppWishItemCard.swift; sourceTree = "<group>"; };
		456ABAF927A6631F00E66F8D /* AppMoneyAmountView.swift */ = {isa = PBXFileReference; lastKnownFileType = sourcecode.swift; path = AppMoneyAmountView.swift; sourceTree = "<group>"; };
		456B7ACF27A4D2B20048E05F /* AppSecureTextField.swift */ = {isa = PBXFileReference; lastKnownFileType = sourcecode.swift; path = AppSecureTextField.swift; sourceTree = "<group>"; };
		456B7AD127A4D7790048E05F /* AppCapsuleButton.swift */ = {isa = PBXFileReference; lastKnownFileType = sourcecode.swift; path = AppCapsuleButton.swift; sourceTree = "<group>"; };
		456B7AD327A4EA5D0048E05F /* AppHyperLink.swift */ = {isa = PBXFileReference; lastKnownFileType = sourcecode.swift; path = AppHyperLink.swift; sourceTree = "<group>"; };
		456B7AD527A50CD40048E05F /* HomeScreen.swift */ = {isa = PBXFileReference; lastKnownFileType = sourcecode.swift; path = HomeScreen.swift; sourceTree = "<group>"; };
		456B7AD727A51BA50048E05F /* AppRoundedCornerButton.swift */ = {isa = PBXFileReference; lastKnownFileType = sourcecode.swift; path = AppRoundedCornerButton.swift; sourceTree = "<group>"; };
		456B7AD927A520AD0048E05F /* EditProfileScreen.swift */ = {isa = PBXFileReference; lastKnownFileType = sourcecode.swift; path = EditProfileScreen.swift; sourceTree = "<group>"; };
		456B7ADB27A520EF0048E05F /* TopBar.swift */ = {isa = PBXFileReference; lastKnownFileType = sourcecode.swift; path = TopBar.swift; sourceTree = "<group>"; };
		456B7ADD27A5341E0048E05F /* EarningScreen.swift */ = {isa = PBXFileReference; lastKnownFileType = sourcecode.swift; path = EarningScreen.swift; sourceTree = "<group>"; };
		456B7ADF27A534800048E05F /* SpendingScreen.swift */ = {isa = PBXFileReference; lastKnownFileType = sourcecode.swift; path = SpendingScreen.swift; sourceTree = "<group>"; };
		456B7AE127A534A30048E05F /* WishListScreen.swift */ = {isa = PBXFileReference; lastKnownFileType = sourcecode.swift; path = WishListScreen.swift; sourceTree = "<group>"; };
		456B7AE327A537A40048E05F /* DropdownSelector.swift */ = {isa = PBXFileReference; lastKnownFileType = sourcecode.swift; path = DropdownSelector.swift; sourceTree = "<group>"; };
		45737AA827A8952F00AE9A87 /* GoogleService-Info.plist */ = {isa = PBXFileReference; fileEncoding = 4; lastKnownFileType = text.plist.xml; path = "GoogleService-Info.plist"; sourceTree = "<group>"; };
		45737AAD27A8970800AE9A87 /* AuthService.swift */ = {isa = PBXFileReference; lastKnownFileType = sourcecode.swift; path = AuthService.swift; sourceTree = "<group>"; };
		45737AAF27A897BB00AE9A87 /* ResolverExtension.swift */ = {isa = PBXFileReference; lastKnownFileType = sourcecode.swift; path = ResolverExtension.swift; sourceTree = "<group>"; };
		45737AB127A89F8700AE9A87 /* AppSignInAndSignUpTopBanner.swift */ = {isa = PBXFileReference; lastKnownFileType = sourcecode.swift; path = AppSignInAndSignUpTopBanner.swift; sourceTree = "<group>"; };
		45737AB327A8A36A00AE9A87 /* ImageStorageService.swift */ = {isa = PBXFileReference; lastKnownFileType = sourcecode.swift; path = ImageStorageService.swift; sourceTree = "<group>"; };
		45737AB527A8A45E00AE9A87 /* FirestoreRepository.swift */ = {isa = PBXFileReference; lastKnownFileType = sourcecode.swift; path = FirestoreRepository.swift; sourceTree = "<group>"; };
		45737AB727A8A4A500AE9A87 /* RepositoryProtocol.swift */ = {isa = PBXFileReference; lastKnownFileType = sourcecode.swift; path = RepositoryProtocol.swift; sourceTree = "<group>"; };
		45737AB927A8A57D00AE9A87 /* Earning.swift */ = {isa = PBXFileReference; lastKnownFileType = sourcecode.swift; path = Earning.swift; sourceTree = "<group>"; };
		457CD9AD27A5BC65007A9EF0 /* AppEarningsOrSpendingCard.swift */ = {isa = PBXFileReference; lastKnownFileType = sourcecode.swift; path = AppEarningsOrSpendingCard.swift; sourceTree = "<group>"; };
		457CD9AF27A5C071007A9EF0 /* AppFloatingButton.swift */ = {isa = PBXFileReference; lastKnownFileType = sourcecode.swift; path = AppFloatingButton.swift; sourceTree = "<group>"; };
		457CD9B127A5CAF9007A9EF0 /* AppPopupView.swift */ = {isa = PBXFileReference; lastKnownFileType = sourcecode.swift; path = AppPopupView.swift; sourceTree = "<group>"; };
		457CD9B427A5E717007A9EF0 /* AppDatePicker.swift */ = {isa = PBXFileReference; lastKnownFileType = sourcecode.swift; path = AppDatePicker.swift; sourceTree = "<group>"; };
		457CD9B627A5EA91007A9EF0 /* Date.swift */ = {isa = PBXFileReference; lastKnownFileType = sourcecode.swift; path = Date.swift; sourceTree = "<group>"; };
		457CD9B827A60F84007A9EF0 /* AppSideMenu.swift */ = {isa = PBXFileReference; lastKnownFileType = sourcecode.swift; path = AppSideMenu.swift; sourceTree = "<group>"; };
		457CD9BA27A6168F007A9EF0 /* AppCircularProfileImage.swift */ = {isa = PBXFileReference; lastKnownFileType = sourcecode.swift; path = AppCircularProfileImage.swift; sourceTree = "<group>"; };
		457CD9BC27A6387F007A9EF0 /* PieChartView.swift */ = {isa = PBXFileReference; lastKnownFileType = sourcecode.swift; path = PieChartView.swift; sourceTree = "<group>"; };
		45EA7F3B27A45D3E009C0F58 /* MoneyBee.app */ = {isa = PBXFileReference; explicitFileType = wrapper.application; includeInIndex = 0; path = MoneyBee.app; sourceTree = BUILT_PRODUCTS_DIR; };
		45EA7F3E27A45D3E009C0F58 /* MoneyBeeApp.swift */ = {isa = PBXFileReference; lastKnownFileType = sourcecode.swift; path = MoneyBeeApp.swift; sourceTree = "<group>"; };
		45EA7F4027A45D3E009C0F58 /* SplashScreen.swift */ = {isa = PBXFileReference; lastKnownFileType = sourcecode.swift; path = SplashScreen.swift; sourceTree = "<group>"; };
		45EA7F4227A45D40009C0F58 /* Assets.xcassets */ = {isa = PBXFileReference; lastKnownFileType = folder.assetcatalog; path = Assets.xcassets; sourceTree = "<group>"; };
		45EA7F4527A45D40009C0F58 /* Preview Assets.xcassets */ = {isa = PBXFileReference; lastKnownFileType = folder.assetcatalog; path = "Preview Assets.xcassets"; sourceTree = "<group>"; };
		45EA7F7A27A49112009C0F58 /* BubblegumSans-Regular.ttf */ = {isa = PBXFileReference; lastKnownFileType = file; path = "BubblegumSans-Regular.ttf"; sourceTree = "<group>"; };
		45EA7F7C27A492FB009C0F58 /* Info.plist */ = {isa = PBXFileReference; lastKnownFileType = text.plist.xml; path = Info.plist; sourceTree = "<group>"; };
		45EA7F7D27A49396009C0F58 /* Constants.swift */ = {isa = PBXFileReference; lastKnownFileType = sourcecode.swift; path = Constants.swift; sourceTree = "<group>"; };
		45EA7F7F27A49BE3009C0F58 /* AppText.swift */ = {isa = PBXFileReference; lastKnownFileType = sourcecode.swift; path = AppText.swift; sourceTree = "<group>"; };
		45EA7F8127A4A399009C0F58 /* StrokeText.swift */ = {isa = PBXFileReference; lastKnownFileType = sourcecode.swift; path = StrokeText.swift; sourceTree = "<group>"; };
		45EA7F8427A4A81B009C0F58 /* RootScreen.swift */ = {isa = PBXFileReference; lastKnownFileType = sourcecode.swift; path = RootScreen.swift; sourceTree = "<group>"; };
		45EA7F8627A4AD50009C0F58 /* SignInScreen.swift */ = {isa = PBXFileReference; lastKnownFileType = sourcecode.swift; path = SignInScreen.swift; sourceTree = "<group>"; };
		45EA7F8827A4AD63009C0F58 /* SignUpScreen.swift */ = {isa = PBXFileReference; lastKnownFileType = sourcecode.swift; path = SignUpScreen.swift; sourceTree = "<group>"; };
		45EA7F8A27A4B982009C0F58 /* AppTextField.swift */ = {isa = PBXFileReference; lastKnownFileType = sourcecode.swift; path = AppTextField.swift; sourceTree = "<group>"; };
		5BA365BEFFF301F5860500A2 /* Pods-MoneyBee.release.xcconfig */ = {isa = PBXFileReference; includeInIndex = 1; lastKnownFileType = text.xcconfig; name = "Pods-MoneyBee.release.xcconfig"; path = "Target Support Files/Pods-MoneyBee/Pods-MoneyBee.release.xcconfig"; sourceTree = "<group>"; };
		C7E7942453251A696E309BDA /* Pods-MoneyBee.debug.xcconfig */ = {isa = PBXFileReference; includeInIndex = 1; lastKnownFileType = text.xcconfig; name = "Pods-MoneyBee.debug.xcconfig"; path = "Target Support Files/Pods-MoneyBee/Pods-MoneyBee.debug.xcconfig"; sourceTree = "<group>"; };
		D13D132A57DD3E95E99A9DB7 /* Pods_MoneyBee.framework */ = {isa = PBXFileReference; explicitFileType = wrapper.framework; includeInIndex = 0; path = Pods_MoneyBee.framework; sourceTree = BUILT_PRODUCTS_DIR; };
/* End PBXFileReference section */

/* Begin PBXFrameworksBuildPhase section */
		45EA7F3827A45D3E009C0F58 /* Frameworks */ = {
			isa = PBXFrameworksBuildPhase;
			buildActionMask = 2147483647;
			files = (
				9810CA0217149520F0EA87BF /* Pods_MoneyBee.framework in Frameworks */,
			);
			runOnlyForDeploymentPostprocessing = 0;
		};
/* End PBXFrameworksBuildPhase section */

/* Begin PBXGroup section */
		45737AAA27A8964400AE9A87 /* Services */ = {
			isa = PBXGroup;
			children = (
				45737AAF27A897BB00AE9A87 /* ResolverExtension.swift */,
				45737AAD27A8970800AE9A87 /* AuthService.swift */,
				45737AB327A8A36A00AE9A87 /* ImageStorageService.swift */,
			);
			path = Services;
			sourceTree = "<group>";
		};
		45737AAB27A8965700AE9A87 /* Repositories */ = {
			isa = PBXGroup;
			children = (
				45737AB527A8A45E00AE9A87 /* FirestoreRepository.swift */,
				45737AB727A8A4A500AE9A87 /* RepositoryProtocol.swift */,
			);
			path = Repositories;
			sourceTree = "<group>";
		};
		45737AAC27A8967D00AE9A87 /* ViewModels */ = {
			isa = PBXGroup;
			children = (
			);
			path = ViewModels;
			sourceTree = "<group>";
		};
		457CD9B327A5E586007A9EF0 /* Utilities */ = {
			isa = PBXGroup;
			children = (
				457CD9B627A5EA91007A9EF0 /* Date.swift */,
				456ABAF327A651C200E66F8D /* ViewExtension.swift */,
			);
			path = Utilities;
			sourceTree = "<group>";
		};
		457CD9BE27A638F5007A9EF0 /* PieChartView */ = {
			isa = PBXGroup;
			children = (
				457CD9BC27A6387F007A9EF0 /* PieChartView.swift */,
			);
			path = PieChartView;
			sourceTree = "<group>";
		};
		457CD9C327A64A58007A9EF0 /* Models */ = {
			isa = PBXGroup;
			children = (
				456ABAF127A64BA500E66F8D /* SpendingType.swift */,
				45737AB927A8A57D00AE9A87 /* Earning.swift */,
			);
			path = Models;
			sourceTree = "<group>";
		};
		45EA7F3227A45D3E009C0F58 = {
			isa = PBXGroup;
			children = (
				45EA7F3D27A45D3E009C0F58 /* MoneyBee */,
				45EA7F3C27A45D3E009C0F58 /* Products */,
				C4E03FBBE71271A398E2FB79 /* Pods */,
				7CADC07666AC0F09F5CB9B1F /* Frameworks */,
			);
			sourceTree = "<group>";
		};
		45EA7F3C27A45D3E009C0F58 /* Products */ = {
			isa = PBXGroup;
			children = (
				45EA7F3B27A45D3E009C0F58 /* MoneyBee.app */,
			);
			name = Products;
			sourceTree = "<group>";
		};
		45EA7F3D27A45D3E009C0F58 /* MoneyBee */ = {
			isa = PBXGroup;
			children = (
				45737AAB27A8965700AE9A87 /* Repositories */,
				45737AAC27A8967D00AE9A87 /* ViewModels */,
				457CD9C327A64A58007A9EF0 /* Models */,
				45EA7F7427A489C1009C0F58 /* Views */,
				45737AAA27A8964400AE9A87 /* Services */,
				457CD9B327A5E586007A9EF0 /* Utilities */,
				45EA7F4227A45D40009C0F58 /* Assets.xcassets */,
				45EA7F7827A490B6009C0F58 /* Fonts */,
				45EA7F3E27A45D3E009C0F58 /* MoneyBeeApp.swift */,
				45EA7F7D27A49396009C0F58 /* Constants.swift */,
				45737AA827A8952F00AE9A87 /* GoogleService-Info.plist */,
				45EA7F7C27A492FB009C0F58 /* Info.plist */,
				45EA7F4427A45D40009C0F58 /* Preview Content */,
			);
			path = MoneyBee;
			sourceTree = "<group>";
		};
		45EA7F4427A45D40009C0F58 /* Preview Content */ = {
			isa = PBXGroup;
			children = (
				45EA7F4527A45D40009C0F58 /* Preview Assets.xcassets */,
			);
			path = "Preview Content";
			sourceTree = "<group>";
		};
		45EA7F7427A489C1009C0F58 /* Views */ = {
			isa = PBXGroup;
			children = (
				45EA7F7527A489D1009C0F58 /* Reuseables */,
				45EA7F7627A48A2D009C0F58 /* Screens */,
			);
			path = Views;
			sourceTree = "<group>";
		};
		45EA7F7527A489D1009C0F58 /* Reuseables */ = {
			isa = PBXGroup;
			children = (
				457CD9BE27A638F5007A9EF0 /* PieChartView */,
				45EA7F7F27A49BE3009C0F58 /* AppText.swift */,
				45EA7F8127A4A399009C0F58 /* StrokeText.swift */,
				45EA7F8A27A4B982009C0F58 /* AppTextField.swift */,
				456B7ACF27A4D2B20048E05F /* AppSecureTextField.swift */,
				456B7AD127A4D7790048E05F /* AppCapsuleButton.swift */,
				456B7AD327A4EA5D0048E05F /* AppHyperLink.swift */,
				456B7AD727A51BA50048E05F /* AppRoundedCornerButton.swift */,
				456B7ADB27A520EF0048E05F /* TopBar.swift */,
				456B7AE327A537A40048E05F /* DropdownSelector.swift */,
				457CD9AD27A5BC65007A9EF0 /* AppEarningsOrSpendingCard.swift */,
				457CD9AF27A5C071007A9EF0 /* AppFloatingButton.swift */,
				457CD9B127A5CAF9007A9EF0 /* AppPopupView.swift */,
				457CD9B427A5E717007A9EF0 /* AppDatePicker.swift */,
				457CD9B827A60F84007A9EF0 /* AppSideMenu.swift */,
				457CD9BA27A6168F007A9EF0 /* AppCircularProfileImage.swift */,
				456ABAF527A65C3E00E66F8D /* AppRoundedImageView.swift */,
				456ABAF727A65FE300E66F8D /* AppWishItemCard.swift */,
				456ABAF927A6631F00E66F8D /* AppMoneyAmountView.swift */,
				45737AB127A89F8700AE9A87 /* AppSignInAndSignUpTopBanner.swift */,
			);
			path = Reuseables;
			sourceTree = "<group>";
		};
		45EA7F7627A48A2D009C0F58 /* Screens */ = {
			isa = PBXGroup;
			children = (
				45EA7F4027A45D3E009C0F58 /* SplashScreen.swift */,
				45EA7F8427A4A81B009C0F58 /* RootScreen.swift */,
				45EA7F8627A4AD50009C0F58 /* SignInScreen.swift */,
				45EA7F8827A4AD63009C0F58 /* SignUpScreen.swift */,
				456B7AD527A50CD40048E05F /* HomeScreen.swift */,
				456B7AD927A520AD0048E05F /* EditProfileScreen.swift */,
				456B7ADD27A5341E0048E05F /* EarningScreen.swift */,
				456B7ADF27A534800048E05F /* SpendingScreen.swift */,
				456B7AE127A534A30048E05F /* WishListScreen.swift */,
			);
			path = Screens;
			sourceTree = "<group>";
		};
		45EA7F7827A490B6009C0F58 /* Fonts */ = {
			isa = PBXGroup;
			children = (
				45EA7F7A27A49112009C0F58 /* BubblegumSans-Regular.ttf */,
			);
			path = Fonts;
			sourceTree = "<group>";
		};
		7CADC07666AC0F09F5CB9B1F /* Frameworks */ = {
			isa = PBXGroup;
			children = (
				D13D132A57DD3E95E99A9DB7 /* Pods_MoneyBee.framework */,
			);
			name = Frameworks;
			sourceTree = "<group>";
		};
		C4E03FBBE71271A398E2FB79 /* Pods */ = {
			isa = PBXGroup;
			children = (
				C7E7942453251A696E309BDA /* Pods-MoneyBee.debug.xcconfig */,
				5BA365BEFFF301F5860500A2 /* Pods-MoneyBee.release.xcconfig */,
			);
			path = Pods;
			sourceTree = "<group>";
		};
/* End PBXGroup section */

/* Begin PBXNativeTarget section */
		45EA7F3A27A45D3E009C0F58 /* MoneyBee */ = {
			isa = PBXNativeTarget;
			buildConfigurationList = 45EA7F4927A45D40009C0F58 /* Build configuration list for PBXNativeTarget "MoneyBee" */;
			buildPhases = (
				8C0D3A4FA11C7A26C78F1BB3 /* [CP] Check Pods Manifest.lock */,
				45EA7F3727A45D3E009C0F58 /* Sources */,
				45EA7F3827A45D3E009C0F58 /* Frameworks */,
				45EA7F3927A45D3E009C0F58 /* Resources */,
				E649ED0FA2A1AC7E5F627EA7 /* [CP] Embed Pods Frameworks */,
			);
			buildRules = (
			);
			dependencies = (
			);
			name = MoneyBee;
			productName = MoneyBee;
			productReference = 45EA7F3B27A45D3E009C0F58 /* MoneyBee.app */;
			productType = "com.apple.product-type.application";
		};
/* End PBXNativeTarget section */

/* Begin PBXProject section */
		45EA7F3327A45D3E009C0F58 /* Project object */ = {
			isa = PBXProject;
			attributes = {
				BuildIndependentTargetsInParallel = 1;
				LastSwiftUpdateCheck = 1320;
				LastUpgradeCheck = 1320;
				TargetAttributes = {
					45EA7F3A27A45D3E009C0F58 = {
						CreatedOnToolsVersion = 13.2.1;
					};
				};
			};
			buildConfigurationList = 45EA7F3627A45D3E009C0F58 /* Build configuration list for PBXProject "MoneyBee" */;
			compatibilityVersion = "Xcode 13.0";
			developmentRegion = en;
			hasScannedForEncodings = 0;
			knownRegions = (
				en,
				Base,
			);
			mainGroup = 45EA7F3227A45D3E009C0F58;
			productRefGroup = 45EA7F3C27A45D3E009C0F58 /* Products */;
			projectDirPath = "";
			projectRoot = "";
			targets = (
				45EA7F3A27A45D3E009C0F58 /* MoneyBee */,
			);
		};
/* End PBXProject section */

/* Begin PBXResourcesBuildPhase section */
		45EA7F3927A45D3E009C0F58 /* Resources */ = {
			isa = PBXResourcesBuildPhase;
			buildActionMask = 2147483647;
			files = (
				45EA7F7B27A49112009C0F58 /* BubblegumSans-Regular.ttf in Resources */,
				45737AA927A8952F00AE9A87 /* GoogleService-Info.plist in Resources */,
				45EA7F4627A45D40009C0F58 /* Preview Assets.xcassets in Resources */,
				45EA7F4327A45D40009C0F58 /* Assets.xcassets in Resources */,
			);
			runOnlyForDeploymentPostprocessing = 0;
		};
/* End PBXResourcesBuildPhase section */

/* Begin PBXShellScriptBuildPhase section */
		8C0D3A4FA11C7A26C78F1BB3 /* [CP] Check Pods Manifest.lock */ = {
			isa = PBXShellScriptBuildPhase;
			buildActionMask = 2147483647;
			files = (
			);
			inputFileListPaths = (
			);
			inputPaths = (
				"${PODS_PODFILE_DIR_PATH}/Podfile.lock",
				"${PODS_ROOT}/Manifest.lock",
			);
			name = "[CP] Check Pods Manifest.lock";
			outputFileListPaths = (
			);
			outputPaths = (
				"$(DERIVED_FILE_DIR)/Pods-MoneyBee-checkManifestLockResult.txt",
			);
			runOnlyForDeploymentPostprocessing = 0;
			shellPath = /bin/sh;
			shellScript = "diff \"${PODS_PODFILE_DIR_PATH}/Podfile.lock\" \"${PODS_ROOT}/Manifest.lock\" > /dev/null\nif [ $? != 0 ] ; then\n    # print error to STDERR\n    echo \"error: The sandbox is not in sync with the Podfile.lock. Run 'pod install' or update your CocoaPods installation.\" >&2\n    exit 1\nfi\n# This output is used by Xcode 'outputs' to avoid re-running this script phase.\necho \"SUCCESS\" > \"${SCRIPT_OUTPUT_FILE_0}\"\n";
			showEnvVarsInLog = 0;
		};
		E649ED0FA2A1AC7E5F627EA7 /* [CP] Embed Pods Frameworks */ = {
			isa = PBXShellScriptBuildPhase;
			buildActionMask = 2147483647;
			files = (
			);
			inputFileListPaths = (
				"${PODS_ROOT}/Target Support Files/Pods-MoneyBee/Pods-MoneyBee-frameworks-${CONFIGURATION}-input-files.xcfilelist",
			);
			name = "[CP] Embed Pods Frameworks";
			outputFileListPaths = (
				"${PODS_ROOT}/Target Support Files/Pods-MoneyBee/Pods-MoneyBee-frameworks-${CONFIGURATION}-output-files.xcfilelist",
			);
			runOnlyForDeploymentPostprocessing = 0;
			shellPath = /bin/sh;
			shellScript = "\"${PODS_ROOT}/Target Support Files/Pods-MoneyBee/Pods-MoneyBee-frameworks.sh\"\n";
			showEnvVarsInLog = 0;
		};
/* End PBXShellScriptBuildPhase section */

/* Begin PBXSourcesBuildPhase section */
		45EA7F3727A45D3E009C0F58 /* Sources */ = {
			isa = PBXSourcesBuildPhase;
			buildActionMask = 2147483647;
			files = (
				457CD9BD27A6387F007A9EF0 /* PieChartView.swift in Sources */,
				456ABAF427A651C200E66F8D /* ViewExtension.swift in Sources */,
				456B7AD427A4EA5D0048E05F /* AppHyperLink.swift in Sources */,
				45737AB027A897BB00AE9A87 /* ResolverExtension.swift in Sources */,
				45EA7F8227A4A399009C0F58 /* StrokeText.swift in Sources */,
				45737AB827A8A4A500AE9A87 /* RepositoryProtocol.swift in Sources */,
				45EA7F4127A45D3E009C0F58 /* SplashScreen.swift in Sources */,
				456B7AE027A534800048E05F /* SpendingScreen.swift in Sources */,
				456B7ADE27A5341E0048E05F /* EarningScreen.swift in Sources */,
				456B7AD227A4D7790048E05F /* AppCapsuleButton.swift in Sources */,
				457CD9B727A5EA91007A9EF0 /* Date.swift in Sources */,
				456B7AD827A51BA50048E05F /* AppRoundedCornerButton.swift in Sources */,
				456B7ADA27A520AD0048E05F /* EditProfileScreen.swift in Sources */,
				45737AB627A8A45F00AE9A87 /* FirestoreRepository.swift in Sources */,
				45EA7F8B27A4B982009C0F58 /* AppTextField.swift in Sources */,
				45737AB427A8A36A00AE9A87 /* ImageStorageService.swift in Sources */,
				45EA7F3F27A45D3E009C0F58 /* MoneyBeeApp.swift in Sources */,
				456ABAF227A64BA500E66F8D /* SpendingType.swift in Sources */,
				456B7AE227A534A30048E05F /* WishListScreen.swift in Sources */,
				456B7AD627A50CD40048E05F /* HomeScreen.swift in Sources */,
				45EA7F8927A4AD63009C0F58 /* SignUpScreen.swift in Sources */,
				45EA7F8727A4AD50009C0F58 /* SignInScreen.swift in Sources */,
				457CD9BB27A6168F007A9EF0 /* AppCircularProfileImage.swift in Sources */,
				457CD9AE27A5BC65007A9EF0 /* AppEarningsOrSpendingCard.swift in Sources */,
				456ABAF627A65C3E00E66F8D /* AppRoundedImageView.swift in Sources */,
				456ABAF827A65FE300E66F8D /* AppWishItemCard.swift in Sources */,
				456B7AD027A4D2B20048E05F /* AppSecureTextField.swift in Sources */,
				45EA7F8027A49BE3009C0F58 /* AppText.swift in Sources */,
				45737AB227A89F8700AE9A87 /* AppSignInAndSignUpTopBanner.swift in Sources */,
				45EA7F7E27A49396009C0F58 /* Constants.swift in Sources */,
				45EA7F8527A4A81B009C0F58 /* RootScreen.swift in Sources */,
				457CD9B527A5E717007A9EF0 /* AppDatePicker.swift in Sources */,
				457CD9B927A60F84007A9EF0 /* AppSideMenu.swift in Sources */,
				456B7ADC27A520EF0048E05F /* TopBar.swift in Sources */,
				456B7AE427A537A40048E05F /* DropdownSelector.swift in Sources */,
				457CD9B227A5CAF9007A9EF0 /* AppPopupView.swift in Sources */,
				45737ABA27A8A57D00AE9A87 /* Earning.swift in Sources */,
				45737AAE27A8970800AE9A87 /* AuthService.swift in Sources */,
				457CD9B027A5C071007A9EF0 /* AppFloatingButton.swift in Sources */,
				456ABAFA27A6631F00E66F8D /* AppMoneyAmountView.swift in Sources */,
			);
			runOnlyForDeploymentPostprocessing = 0;
		};
/* End PBXSourcesBuildPhase section */

/* Begin XCBuildConfiguration section */
		45EA7F4727A45D40009C0F58 /* Debug */ = {
			isa = XCBuildConfiguration;
			buildSettings = {
				ALWAYS_SEARCH_USER_PATHS = NO;
				CLANG_ANALYZER_NONNULL = YES;
				CLANG_ANALYZER_NUMBER_OBJECT_CONVERSION = YES_AGGRESSIVE;
				CLANG_CXX_LANGUAGE_STANDARD = "gnu++17";
				CLANG_CXX_LIBRARY = "libc++";
				CLANG_ENABLE_MODULES = YES;
				CLANG_ENABLE_OBJC_ARC = YES;
				CLANG_ENABLE_OBJC_WEAK = YES;
				CLANG_WARN_BLOCK_CAPTURE_AUTORELEASING = YES;
				CLANG_WARN_BOOL_CONVERSION = YES;
				CLANG_WARN_COMMA = YES;
				CLANG_WARN_CONSTANT_CONVERSION = YES;
				CLANG_WARN_DEPRECATED_OBJC_IMPLEMENTATIONS = YES;
				CLANG_WARN_DIRECT_OBJC_ISA_USAGE = YES_ERROR;
				CLANG_WARN_DOCUMENTATION_COMMENTS = YES;
				CLANG_WARN_EMPTY_BODY = YES;
				CLANG_WARN_ENUM_CONVERSION = YES;
				CLANG_WARN_INFINITE_RECURSION = YES;
				CLANG_WARN_INT_CONVERSION = YES;
				CLANG_WARN_NON_LITERAL_NULL_CONVERSION = YES;
				CLANG_WARN_OBJC_IMPLICIT_RETAIN_SELF = YES;
				CLANG_WARN_OBJC_LITERAL_CONVERSION = YES;
				CLANG_WARN_OBJC_ROOT_CLASS = YES_ERROR;
				CLANG_WARN_QUOTED_INCLUDE_IN_FRAMEWORK_HEADER = YES;
				CLANG_WARN_RANGE_LOOP_ANALYSIS = YES;
				CLANG_WARN_STRICT_PROTOTYPES = YES;
				CLANG_WARN_SUSPICIOUS_MOVE = YES;
				CLANG_WARN_UNGUARDED_AVAILABILITY = YES_AGGRESSIVE;
				CLANG_WARN_UNREACHABLE_CODE = YES;
				CLANG_WARN__DUPLICATE_METHOD_MATCH = YES;
				COPY_PHASE_STRIP = NO;
				DEBUG_INFORMATION_FORMAT = dwarf;
				ENABLE_STRICT_OBJC_MSGSEND = YES;
				ENABLE_TESTABILITY = YES;
				GCC_C_LANGUAGE_STANDARD = gnu11;
				GCC_DYNAMIC_NO_PIC = NO;
				GCC_NO_COMMON_BLOCKS = YES;
				GCC_OPTIMIZATION_LEVEL = 0;
				GCC_PREPROCESSOR_DEFINITIONS = (
					"DEBUG=1",
					"$(inherited)",
				);
				GCC_WARN_64_TO_32_BIT_CONVERSION = YES;
				GCC_WARN_ABOUT_RETURN_TYPE = YES_ERROR;
				GCC_WARN_UNDECLARED_SELECTOR = YES;
				GCC_WARN_UNINITIALIZED_AUTOS = YES_AGGRESSIVE;
				GCC_WARN_UNUSED_FUNCTION = YES;
				GCC_WARN_UNUSED_VARIABLE = YES;
				IPHONEOS_DEPLOYMENT_TARGET = 15.2;
				MTL_ENABLE_DEBUG_INFO = INCLUDE_SOURCE;
				MTL_FAST_MATH = YES;
				ONLY_ACTIVE_ARCH = YES;
				SDKROOT = iphoneos;
				SWIFT_ACTIVE_COMPILATION_CONDITIONS = DEBUG;
				SWIFT_OPTIMIZATION_LEVEL = "-Onone";
			};
			name = Debug;
		};
		45EA7F4827A45D40009C0F58 /* Release */ = {
			isa = XCBuildConfiguration;
			buildSettings = {
				ALWAYS_SEARCH_USER_PATHS = NO;
				CLANG_ANALYZER_NONNULL = YES;
				CLANG_ANALYZER_NUMBER_OBJECT_CONVERSION = YES_AGGRESSIVE;
				CLANG_CXX_LANGUAGE_STANDARD = "gnu++17";
				CLANG_CXX_LIBRARY = "libc++";
				CLANG_ENABLE_MODULES = YES;
				CLANG_ENABLE_OBJC_ARC = YES;
				CLANG_ENABLE_OBJC_WEAK = YES;
				CLANG_WARN_BLOCK_CAPTURE_AUTORELEASING = YES;
				CLANG_WARN_BOOL_CONVERSION = YES;
				CLANG_WARN_COMMA = YES;
				CLANG_WARN_CONSTANT_CONVERSION = YES;
				CLANG_WARN_DEPRECATED_OBJC_IMPLEMENTATIONS = YES;
				CLANG_WARN_DIRECT_OBJC_ISA_USAGE = YES_ERROR;
				CLANG_WARN_DOCUMENTATION_COMMENTS = YES;
				CLANG_WARN_EMPTY_BODY = YES;
				CLANG_WARN_ENUM_CONVERSION = YES;
				CLANG_WARN_INFINITE_RECURSION = YES;
				CLANG_WARN_INT_CONVERSION = YES;
				CLANG_WARN_NON_LITERAL_NULL_CONVERSION = YES;
				CLANG_WARN_OBJC_IMPLICIT_RETAIN_SELF = YES;
				CLANG_WARN_OBJC_LITERAL_CONVERSION = YES;
				CLANG_WARN_OBJC_ROOT_CLASS = YES_ERROR;
				CLANG_WARN_QUOTED_INCLUDE_IN_FRAMEWORK_HEADER = YES;
				CLANG_WARN_RANGE_LOOP_ANALYSIS = YES;
				CLANG_WARN_STRICT_PROTOTYPES = YES;
				CLANG_WARN_SUSPICIOUS_MOVE = YES;
				CLANG_WARN_UNGUARDED_AVAILABILITY = YES_AGGRESSIVE;
				CLANG_WARN_UNREACHABLE_CODE = YES;
				CLANG_WARN__DUPLICATE_METHOD_MATCH = YES;
				COPY_PHASE_STRIP = NO;
				DEBUG_INFORMATION_FORMAT = "dwarf-with-dsym";
				ENABLE_NS_ASSERTIONS = NO;
				ENABLE_STRICT_OBJC_MSGSEND = YES;
				GCC_C_LANGUAGE_STANDARD = gnu11;
				GCC_NO_COMMON_BLOCKS = YES;
				GCC_WARN_64_TO_32_BIT_CONVERSION = YES;
				GCC_WARN_ABOUT_RETURN_TYPE = YES_ERROR;
				GCC_WARN_UNDECLARED_SELECTOR = YES;
				GCC_WARN_UNINITIALIZED_AUTOS = YES_AGGRESSIVE;
				GCC_WARN_UNUSED_FUNCTION = YES;
				GCC_WARN_UNUSED_VARIABLE = YES;
				IPHONEOS_DEPLOYMENT_TARGET = 15.2;
				MTL_ENABLE_DEBUG_INFO = NO;
				MTL_FAST_MATH = YES;
				SDKROOT = iphoneos;
				SWIFT_COMPILATION_MODE = wholemodule;
				SWIFT_OPTIMIZATION_LEVEL = "-O";
				VALIDATE_PRODUCT = YES;
			};
			name = Release;
		};
		45EA7F4A27A45D40009C0F58 /* Debug */ = {
			isa = XCBuildConfiguration;
			baseConfigurationReference = C7E7942453251A696E309BDA /* Pods-MoneyBee.debug.xcconfig */;
			buildSettings = {
				ASSETCATALOG_COMPILER_APPICON_NAME = AppIcon;
				ASSETCATALOG_COMPILER_GLOBAL_ACCENT_COLOR_NAME = AccentColor;
				CODE_SIGN_STYLE = Automatic;
				CURRENT_PROJECT_VERSION = 1;
				DEVELOPMENT_ASSET_PATHS = "\"MoneyBee/Preview Content\"";
				ENABLE_PREVIEWS = YES;
				GENERATE_INFOPLIST_FILE = YES;
				INFOPLIST_FILE = MoneyBee/Info.plist;
				INFOPLIST_KEY_UIApplicationSceneManifest_Generation = YES;
				INFOPLIST_KEY_UIApplicationSupportsIndirectInputEvents = YES;
				INFOPLIST_KEY_UILaunchScreen_Generation = YES;
				INFOPLIST_KEY_UISupportedInterfaceOrientations_iPad = "UIInterfaceOrientationPortrait UIInterfaceOrientationPortraitUpsideDown UIInterfaceOrientationLandscapeLeft UIInterfaceOrientationLandscapeRight";
				INFOPLIST_KEY_UISupportedInterfaceOrientations_iPhone = "UIInterfaceOrientationPortrait UIInterfaceOrientationLandscapeLeft UIInterfaceOrientationLandscapeRight";
				LD_RUNPATH_SEARCH_PATHS = (
					"$(inherited)",
					"@executable_path/Frameworks",
				);
				MARKETING_VERSION = 1.0;
				PRODUCT_BUNDLE_IDENTIFIER = ca.moneybee2305.MoneyBee;
				PRODUCT_NAME = "$(TARGET_NAME)";
				SWIFT_EMIT_LOC_STRINGS = YES;
				SWIFT_VERSION = 5.0;
				TARGETED_DEVICE_FAMILY = "1,2";
			};
			name = Debug;
		};
		45EA7F4B27A45D40009C0F58 /* Release */ = {
			isa = XCBuildConfiguration;
			baseConfigurationReference = 5BA365BEFFF301F5860500A2 /* Pods-MoneyBee.release.xcconfig */;
			buildSettings = {
				ASSETCATALOG_COMPILER_APPICON_NAME = AppIcon;
				ASSETCATALOG_COMPILER_GLOBAL_ACCENT_COLOR_NAME = AccentColor;
				CODE_SIGN_STYLE = Automatic;
				CURRENT_PROJECT_VERSION = 1;
				DEVELOPMENT_ASSET_PATHS = "\"MoneyBee/Preview Content\"";
				ENABLE_PREVIEWS = YES;
				GENERATE_INFOPLIST_FILE = YES;
				INFOPLIST_FILE = MoneyBee/Info.plist;
				INFOPLIST_KEY_UIApplicationSceneManifest_Generation = YES;
				INFOPLIST_KEY_UIApplicationSupportsIndirectInputEvents = YES;
				INFOPLIST_KEY_UILaunchScreen_Generation = YES;
				INFOPLIST_KEY_UISupportedInterfaceOrientations_iPad = "UIInterfaceOrientationPortrait UIInterfaceOrientationPortraitUpsideDown UIInterfaceOrientationLandscapeLeft UIInterfaceOrientationLandscapeRight";
				INFOPLIST_KEY_UISupportedInterfaceOrientations_iPhone = "UIInterfaceOrientationPortrait UIInterfaceOrientationLandscapeLeft UIInterfaceOrientationLandscapeRight";
				LD_RUNPATH_SEARCH_PATHS = (
					"$(inherited)",
					"@executable_path/Frameworks",
				);
				MARKETING_VERSION = 1.0;
				PRODUCT_BUNDLE_IDENTIFIER = ca.moneybee2305.MoneyBee;
				PRODUCT_NAME = "$(TARGET_NAME)";
				SWIFT_EMIT_LOC_STRINGS = YES;
				SWIFT_VERSION = 5.0;
				TARGETED_DEVICE_FAMILY = "1,2";
			};
			name = Release;
		};
/* End XCBuildConfiguration section */

/* Begin XCConfigurationList section */
		45EA7F3627A45D3E009C0F58 /* Build configuration list for PBXProject "MoneyBee" */ = {
			isa = XCConfigurationList;
			buildConfigurations = (
				45EA7F4727A45D40009C0F58 /* Debug */,
				45EA7F4827A45D40009C0F58 /* Release */,
			);
			defaultConfigurationIsVisible = 0;
			defaultConfigurationName = Release;
		};
		45EA7F4927A45D40009C0F58 /* Build configuration list for PBXNativeTarget "MoneyBee" */ = {
			isa = XCConfigurationList;
			buildConfigurations = (
				45EA7F4A27A45D40009C0F58 /* Debug */,
				45EA7F4B27A45D40009C0F58 /* Release */,
			);
			defaultConfigurationIsVisible = 0;
			defaultConfigurationName = Release;
		};
/* End XCConfigurationList section */
	};
	rootObject = 45EA7F3327A45D3E009C0F58 /* Project object */;
}
